
Microsoft Visual Studio Solution File, Format Version 12.00
# Visual Studio Version 17
VisualStudioVersion = 17.13.35919.96
MinimumVisualStudioVersion = 10.0.40219.1
Project("{2150E333-8FDC-42A3-9474-1A3956D46DE8}") = "src", "src", "{02EA681E-C7D8-13C7-8484-4AC65E1B71E8}"
EndProject
Project("{FAE04EC0-301F-11D3-BF4B-00C04F79EFBC}") = "HeavyApps.Blog.Domain", "src\HeavyApps.Blog.Domain\HeavyApps.Blog.Domain.csproj", "{01F16425-8542-483D-A47A-F1CAE9A69DD9}"
EndProject
Project("{FAE04EC0-301F-11D3-BF4B-00C04F79EFBC}") = "HeavyApps.Blog.Infrastructure.Data", "src\HeavyApps.Blog.Infrastructure\HeavyApps.Blog.Infrastructure.Data.csproj", "{C85B2CD7-7EA0-478F-842A-2B9034BA65DE}"
EndProject
Project("{2150E333-8FDC-42A3-9474-1A3956D46DE8}") = "tests", "tests", "{9DCFEB0D-71DC-4DB3-B1CF-7778711F0452}"
EndProject
Project("{2150E333-8FDC-42A3-9474-1A3956D46DE8}") = "Solution Items", "Solution Items", "{08CD6CCA-2788-4E77-B150-E1386DAC0428}"
	ProjectSection(SolutionItems) = preProject
		Readme.md = Readme.md
	EndProjectSection
EndProject
Project("{FAE04EC0-301F-11D3-BF4B-00C04F79EFBC}") = "HeavyApps.Blog.Api", "src\HeavyApps.Blog.Api\HeavyApps.Blog.Api.csproj", "{DB8057A6-D2C0-4646-B522-2C7C9128BEBE}"
EndProject
Project("{FAE04EC0-301F-11D3-BF4B-00C04F79EFBC}") = "HeavyApps.Blog.Domain.Tests", "tests\TestProject1\HeavyApps.Blog.Domain.Tests.csproj", "{13A03B92-D294-4B95-945D-F915A65594C4}"
EndProject
Project("{2150E333-8FDC-42A3-9474-1A3956D46DE8}") = "Infrastructure", "Infrastructure", "{E28FAA8A-0F64-4429-AF77-C4A9BBB8BFBD}"
EndProject
Project("{2150E333-8FDC-42A3-9474-1A3956D46DE8}") = "Domain", "Domain", "{44D061D5-F290-4F52-90A6-C99727C551E4}"
EndProject
Project("{2150E333-8FDC-42A3-9474-1A3956D46DE8}") = "Presentation", "Presentation", "{41E08964-C2A3-4D98-A3B2-B7543D4EFDDE}"
EndProject
Project("{FAE04EC0-301F-11D3-BF4B-00C04F79EFBC}") = "HeavyApps.Blog.MAUI", "src\Presentation\HeavyApps.Blog.MAUI\HeavyApps.Blog.MAUI.csproj", "{2EA7B475-20B4-46B7-8C8B-DAD657D2D237}"
EndProject
Project("{FAE04EC0-301F-11D3-BF4B-00C04F79EFBC}") = "HeavyApps.Blog.Infrastructure.IoC", "src\HeavyApps.Blog.Infrastructure.IoC\HeavyApps.Blog.Infrastructure.IoC.csproj", "{1E836443-2C0E-4D7D-B156-4D3B9229F755}"
EndProject
Project("{2150E333-8FDC-42A3-9474-1A3956D46DE8}") = "shared", "shared", "{695EE9A6-B6F3-4629-8EE0-891531F9A647}"
EndProject
Project("{FAE04EC0-301F-11D3-BF4B-00C04F79EFBC}") = "HeavyApps.Blog.Presentation.Controllers", "src\Presentation\shared\HeavyApps.Blog.Presentation.Controllers\HeavyApps.Blog.Presentation.Controllers.csproj", "{A4355292-0F50-4052-AB6E-30C8FF53BFC9}"
EndProject
Project("{2150E333-8FDC-42A3-9474-1A3956D46DE8}") = "Application", "Application", "{16F6CC14-EE1F-4B9D-9BE3-A6D0518D0C2C}"
EndProject
Project("{FAE04EC0-301F-11D3-BF4B-00C04F79EFBC}") = "HeabyApps.Blog.Application", "src\HeabyApps.Blog.Application\HeabyApps.Blog.Application.csproj", "{D5864375-125B-496E-9513-832BD45C174B}"
EndProject
Global
	GlobalSection(SolutionConfigurationPlatforms) = preSolution
		Debug|Any CPU = Debug|Any CPU
		Release|Any CPU = Release|Any CPU
	EndGlobalSection
	GlobalSection(ProjectConfigurationPlatforms) = postSolution
		{01F16425-8542-483D-A47A-F1CAE9A69DD9}.Debug|Any CPU.ActiveCfg = Debug|Any CPU
		{01F16425-8542-483D-A47A-F1CAE9A69DD9}.Debug|Any CPU.Build.0 = Debug|Any CPU
		{01F16425-8542-483D-A47A-F1CAE9A69DD9}.Release|Any CPU.ActiveCfg = Release|Any CPU
		{01F16425-8542-483D-A47A-F1CAE9A69DD9}.Release|Any CPU.Build.0 = Release|Any CPU
		{C85B2CD7-7EA0-478F-842A-2B9034BA65DE}.Debug|Any CPU.ActiveCfg = Debug|Any CPU
		{C85B2CD7-7EA0-478F-842A-2B9034BA65DE}.Debug|Any CPU.Build.0 = Debug|Any CPU
		{C85B2CD7-7EA0-478F-842A-2B9034BA65DE}.Release|Any CPU.ActiveCfg = Release|Any CPU
		{C85B2CD7-7EA0-478F-842A-2B9034BA65DE}.Release|Any CPU.Build.0 = Release|Any CPU
		{DB8057A6-D2C0-4646-B522-2C7C9128BEBE}.Debug|Any CPU.ActiveCfg = Debug|Any CPU
		{DB8057A6-D2C0-4646-B522-2C7C9128BEBE}.Debug|Any CPU.Build.0 = Debug|Any CPU
		{DB8057A6-D2C0-4646-B522-2C7C9128BEBE}.Release|Any CPU.ActiveCfg = Release|Any CPU
		{DB8057A6-D2C0-4646-B522-2C7C9128BEBE}.Release|Any CPU.Build.0 = Release|Any CPU
		{13A03B92-D294-4B95-945D-F915A65594C4}.Debug|Any CPU.ActiveCfg = Debug|Any CPU
		{13A03B92-D294-4B95-945D-F915A65594C4}.Debug|Any CPU.Build.0 = Debug|Any CPU
		{13A03B92-D294-4B95-945D-F915A65594C4}.Release|Any CPU.ActiveCfg = Release|Any CPU
		{13A03B92-D294-4B95-945D-F915A65594C4}.Release|Any CPU.Build.0 = Release|Any CPU
		{2EA7B475-20B4-46B7-8C8B-DAD657D2D237}.Debug|Any CPU.ActiveCfg = Debug|Any CPU
		{2EA7B475-20B4-46B7-8C8B-DAD657D2D237}.Debug|Any CPU.Build.0 = Debug|Any CPU
		{2EA7B475-20B4-46B7-8C8B-DAD657D2D237}.Debug|Any CPU.Deploy.0 = Debug|Any CPU
		{2EA7B475-20B4-46B7-8C8B-DAD657D2D237}.Release|Any CPU.ActiveCfg = Release|Any CPU
		{2EA7B475-20B4-46B7-8C8B-DAD657D2D237}.Release|Any CPU.Build.0 = Release|Any CPU
		{1E836443-2C0E-4D7D-B156-4D3B9229F755}.Debug|Any CPU.ActiveCfg = Debug|Any CPU
		{1E836443-2C0E-4D7D-B156-4D3B9229F755}.Debug|Any CPU.Build.0 = Debug|Any CPU
		{1E836443-2C0E-4D7D-B156-4D3B9229F755}.Release|Any CPU.ActiveCfg = Release|Any CPU
		{1E836443-2C0E-4D7D-B156-4D3B9229F755}.Release|Any CPU.Build.0 = Release|Any CPU
		{A4355292-0F50-4052-AB6E-30C8FF53BFC9}.Debug|Any CPU.ActiveCfg = Debug|Any CPU
		{A4355292-0F50-4052-AB6E-30C8FF53BFC9}.Debug|Any CPU.Build.0 = Debug|Any CPU
		{A4355292-0F50-4052-AB6E-30C8FF53BFC9}.Release|Any CPU.ActiveCfg = Release|Any CPU
		{A4355292-0F50-4052-AB6E-30C8FF53BFC9}.Release|Any CPU.Build.0 = Release|Any CPU
		{D5864375-125B-496E-9513-832BD45C174B}.Debug|Any CPU.ActiveCfg = Debug|Any CPU
		{D5864375-125B-496E-9513-832BD45C174B}.Debug|Any CPU.Build.0 = Debug|Any CPU
		{D5864375-125B-496E-9513-832BD45C174B}.Release|Any CPU.ActiveCfg = Release|Any CPU
		{D5864375-125B-496E-9513-832BD45C174B}.Release|Any CPU.Build.0 = Release|Any CPU
	EndGlobalSection
	GlobalSection(SolutionProperties) = preSolution
		HideSolutionNode = FALSE
	EndGlobalSection
	GlobalSection(NestedProjects) = preSolution
		{01F16425-8542-483D-A47A-F1CAE9A69DD9} = {44D061D5-F290-4F52-90A6-C99727C551E4}
		{C85B2CD7-7EA0-478F-842A-2B9034BA65DE} = {E28FAA8A-0F64-4429-AF77-C4A9BBB8BFBD}
		{DB8057A6-D2C0-4646-B522-2C7C9128BEBE} = {41E08964-C2A3-4D98-A3B2-B7543D4EFDDE}
		{13A03B92-D294-4B95-945D-F915A65594C4} = {9DCFEB0D-71DC-4DB3-B1CF-7778711F0452}
		{E28FAA8A-0F64-4429-AF77-C4A9BBB8BFBD} = {02EA681E-C7D8-13C7-8484-4AC65E1B71E8}
		{44D061D5-F290-4F52-90A6-C99727C551E4} = {02EA681E-C7D8-13C7-8484-4AC65E1B71E8}
		{41E08964-C2A3-4D98-A3B2-B7543D4EFDDE} = {02EA681E-C7D8-13C7-8484-4AC65E1B71E8}
		{2EA7B475-20B4-46B7-8C8B-DAD657D2D237} = {41E08964-C2A3-4D98-A3B2-B7543D4EFDDE}
		{1E836443-2C0E-4D7D-B156-4D3B9229F755} = {E28FAA8A-0F64-4429-AF77-C4A9BBB8BFBD}
		{695EE9A6-B6F3-4629-8EE0-891531F9A647} = {41E08964-C2A3-4D98-A3B2-B7543D4EFDDE}
		{A4355292-0F50-4052-AB6E-30C8FF53BFC9} = {695EE9A6-B6F3-4629-8EE0-891531F9A647}
		{16F6CC14-EE1F-4B9D-9BE3-A6D0518D0C2C} = {02EA681E-C7D8-13C7-8484-4AC65E1B71E8}
		{D5864375-125B-496E-9513-832BD45C174B} = {16F6CC14-EE1F-4B9D-9BE3-A6D0518D0C2C}
	EndGlobalSection
	GlobalSection(ExtensibilityGlobals) = postSolution
		SolutionGuid = {D27E2DB0-5F03-4C7C-93DE-C63DF3F9FAE5}
	EndGlobalSection
EndGlobal
