
Microsoft Visual Studio Solution File, Format Version 12.00
# Visual Studio Version 17
VisualStudioVersion = 17.13.35919.96
MinimumVisualStudioVersion = 10.0.40219.1
Project("{2150E333-8FDC-42A3-9474-1A3956D46DE8}") = "src", "src", "{02EA681E-C7D8-13C7-8484-4AC65E1B71E8}"
EndProject
Project("{FAE04EC0-301F-11D3-BF4B-00C04F79EFBC}") = "HeavyApps.Blog.Domain", "src\HeavyApps.Blog.Domain\HeavyApps.Blog.Domain.csproj", "{01F16425-8542-483D-A47A-F1CAE9A69DD9}"
EndProject
Project("{FAE04EC0-301F-11D3-BF4B-00C04F79EFBC}") = "HeavyApps.Blog.Infrastructure", "src\HeavyApps.Blog.Infrastructure\HeavyApps.Blog.Infrastructure.csproj", "{C85B2CD7-7EA0-478F-842A-2B9034BA65DE}"
EndProject
Project("{2150E333-8FDC-42A3-9474-1A3956D46DE8}") = "tests", "tests", "{9DCFEB0D-71DC-4DB3-B1CF-7778711F0452}"
EndProject
Project("{2150E333-8FDC-42A3-9474-1A3956D46DE8}") = "Solution Items", "Solution Items", "{08CD6CCA-2788-4E77-B150-E1386DAC0428}"
EndProject
Project("{FAE04EC0-301F-11D3-BF4B-00C04F79EFBC}") = "HeavyApps.Blog.Api", "src\HeavyApps.Blog.Api\HeavyApps.Blog.Api.csproj", "{DB8057A6-D2C0-4646-B522-2C7C9128BEBE}"
EndProject
Global
	GlobalSection(SolutionConfigurationPlatforms) = preSolution
		Debug|Any CPU = Debug|Any CPU
		Release|Any CPU = Release|Any CPU
	EndGlobalSection
	GlobalSection(ProjectConfigurationPlatforms) = postSolution
		{01F16425-8542-483D-A47A-F1CAE9A69DD9}.Debug|Any CPU.ActiveCfg = Debug|Any CPU
		{01F16425-8542-483D-A47A-F1CAE9A69DD9}.Debug|Any CPU.Build.0 = Debug|Any CPU
		{01F16425-8542-483D-A47A-F1CAE9A69DD9}.Release|Any CPU.ActiveCfg = Release|Any CPU
		{01F16425-8542-483D-A47A-F1CAE9A69DD9}.Release|Any CPU.Build.0 = Release|Any CPU
		{C85B2CD7-7EA0-478F-842A-2B9034BA65DE}.Debug|Any CPU.ActiveCfg = Debug|Any CPU
		{C85B2CD7-7EA0-478F-842A-2B9034BA65DE}.Debug|Any CPU.Build.0 = Debug|Any CPU
		{C85B2CD7-7EA0-478F-842A-2B9034BA65DE}.Release|Any CPU.ActiveCfg = Release|Any CPU
		{C85B2CD7-7EA0-478F-842A-2B9034BA65DE}.Release|Any CPU.Build.0 = Release|Any CPU
		{DB8057A6-D2C0-4646-B522-2C7C9128BEBE}.Debug|Any CPU.ActiveCfg = Debug|Any CPU
		{DB8057A6-D2C0-4646-B522-2C7C9128BEBE}.Debug|Any CPU.Build.0 = Debug|Any CPU
		{DB8057A6-D2C0-4646-B522-2C7C9128BEBE}.Release|Any CPU.ActiveCfg = Release|Any CPU
		{DB8057A6-D2C0-4646-B522-2C7C9128BEBE}.Release|Any CPU.Build.0 = Release|Any CPU
	EndGlobalSection
	GlobalSection(SolutionProperties) = preSolution
		HideSolutionNode = FALSE
	EndGlobalSection
	GlobalSection(NestedProjects) = preSolution
		{01F16425-8542-483D-A47A-F1CAE9A69DD9} = {02EA681E-C7D8-13C7-8484-4AC65E1B71E8}
		{C85B2CD7-7EA0-478F-842A-2B9034BA65DE} = {02EA681E-C7D8-13C7-8484-4AC65E1B71E8}
		{DB8057A6-D2C0-4646-B522-2C7C9128BEBE} = {02EA681E-C7D8-13C7-8484-4AC65E1B71E8}
	EndGlobalSection
	GlobalSection(ExtensibilityGlobals) = postSolution
		SolutionGuid = {D27E2DB0-5F03-4C7C-93DE-C63DF3F9FAE5}
	EndGlobalSection
EndGlobal
